
Microsoft Visual Studio Solution File, Format Version 12.00
# Visual Studio Version 17
VisualStudioVersion = 17.10.34928.147
MinimumVisualStudioVersion = 10.0.40219.1
Project("{FAE04EC0-301F-11D3-BF4B-00C04F79EFBC}") = "SimpleSalaryCalculator", "SimpleSalaryCalculator\SimpleSalaryCalculator.csproj", "{DFD569E3-FF63-44CD-80C6-44AF68C20CB5}"
EndProject
Project("{FAE04EC0-301F-11D3-BF4B-00C04F79EFBC}") = "SimpleSalaryCalculator.App", "SimpleSalaryCalculator.App\SimpleSalaryCalculator.App.csproj", "{3B56DD8C-7222-4684-AD03-965A189D09EA}"
EndProject
Project("{FAE04EC0-301F-11D3-BF4B-00C04F79EFBC}") = "SimpleSalaryCalculator.Tests", "SimpleSalaryCalculator.Tests\SimpleSalaryCalculator.Tests.csproj", "{B9DB2BB1-4498-465C-B770-84E6F331CE84}"
EndProject
Global
	GlobalSection(SolutionConfigurationPlatforms) = preSolution
		Debug|Any CPU = Debug|Any CPU
		Release|Any CPU = Release|Any CPU
	EndGlobalSection
	GlobalSection(ProjectConfigurationPlatforms) = postSolution
		{DFD569E3-FF63-44CD-80C6-44AF68C20CB5}.Debug|Any CPU.ActiveCfg = Debug|Any CPU
		{DFD569E3-FF63-44CD-80C6-44AF68C20CB5}.Debug|Any CPU.Build.0 = Debug|Any CPU
		{DFD569E3-FF63-44CD-80C6-44AF68C20CB5}.Release|Any CPU.ActiveCfg = Release|Any CPU
		{DFD569E3-FF63-44CD-80C6-44AF68C20CB5}.Release|Any CPU.Build.0 = Release|Any CPU
		{3B56DD8C-7222-4684-AD03-965A189D09EA}.Debug|Any CPU.ActiveCfg = Debug|Any CPU
		{3B56DD8C-7222-4684-AD03-965A189D09EA}.Debug|Any CPU.Build.0 = Debug|Any CPU
		{3B56DD8C-7222-4684-AD03-965A189D09EA}.Release|Any CPU.ActiveCfg = Release|Any CPU
		{3B56DD8C-7222-4684-AD03-965A189D09EA}.Release|Any CPU.Build.0 = Release|Any CPU
		{B9DB2BB1-4498-465C-B770-84E6F331CE84}.Debug|Any CPU.ActiveCfg = Debug|Any CPU
		{B9DB2BB1-4498-465C-B770-84E6F331CE84}.Debug|Any CPU.Build.0 = Debug|Any CPU
		{B9DB2BB1-4498-465C-B770-84E6F331CE84}.Release|Any CPU.ActiveCfg = Release|Any CPU
		{B9DB2BB1-4498-465C-B770-84E6F331CE84}.Release|Any CPU.Build.0 = Release|Any CPU
	EndGlobalSection
	GlobalSection(SolutionProperties) = preSolution
		HideSolutionNode = FALSE
	EndGlobalSection
	GlobalSection(ExtensibilityGlobals) = postSolution
		SolutionGuid = {13698A64-F930-4F12-A461-73B77135482A}
	EndGlobalSection
EndGlobal
